
Microsoft Visual Studio Solution File, Format Version 12.00
# Visual Studio 2013
VisualStudioVersion = 12.0.31101.0
MinimumVisualStudioVersion = 10.0.40219.1
Project("{FAE04EC0-301F-11D3-BF4B-00C04F79EFBC}") = "RemoveNuGetPackageRestore", "RemoveNuGetPackageRestore\RemoveNuGetPackageRestore.csproj", "{E474C143-DEB1-4065-A17D-BB380AD64812}"
EndProject
Project("{FAE04EC0-301F-11D3-BF4B-00C04F79EFBC}") = "Tests", "Tests\Tests.csproj", "{968CBE2E-CFC1-4B7F-8B77-80622E8A09D2}"
EndProject
Global
	GlobalSection(SolutionConfigurationPlatforms) = preSolution
		Debug|Any CPU = Debug|Any CPU
		Release|Any CPU = Release|Any CPU
	EndGlobalSection
	GlobalSection(ProjectConfigurationPlatforms) = postSolution
		{E474C143-DEB1-4065-A17D-BB380AD64812}.Debug|Any CPU.ActiveCfg = Debug|Any CPU
		{E474C143-DEB1-4065-A17D-BB380AD64812}.Debug|Any CPU.Build.0 = Debug|Any CPU
		{E474C143-DEB1-4065-A17D-BB380AD64812}.Release|Any CPU.ActiveCfg = Release|Any CPU
		{E474C143-DEB1-4065-A17D-BB380AD64812}.Release|Any CPU.Build.0 = Release|Any CPU
		{968CBE2E-CFC1-4B7F-8B77-80622E8A09D2}.Debug|Any CPU.ActiveCfg = Debug|Any CPU
		{968CBE2E-CFC1-4B7F-8B77-80622E8A09D2}.Debug|Any CPU.Build.0 = Debug|Any CPU
		{968CBE2E-CFC1-4B7F-8B77-80622E8A09D2}.Release|Any CPU.ActiveCfg = Release|Any CPU
		{968CBE2E-CFC1-4B7F-8B77-80622E8A09D2}.Release|Any CPU.Build.0 = Release|Any CPU
	EndGlobalSection
	GlobalSection(SolutionProperties) = preSolution
		HideSolutionNode = FALSE
	EndGlobalSection
EndGlobal
